
Microsoft Visual Studio Solution File, Format Version 12.00
# Visual Studio Version 16
VisualStudioVersion = 16.0.32106.194
MinimumVisualStudioVersion = 10.0.40219.1
Project("{FAE04EC0-301F-11D3-BF4B-00C04F79EFBC}") = "WarSimulator", "WarSimulator\WarSimulator.csproj", "{73511E5D-FB22-4D22-8D66-F02695A2C480}"
EndProject
Global
	GlobalSection(SolutionConfigurationPlatforms) = preSolution
		Debug|Any CPU = Debug|Any CPU
		Release|Any CPU = Release|Any CPU
	EndGlobalSection
	GlobalSection(ProjectConfigurationPlatforms) = postSolution
		{73511E5D-FB22-4D22-8D66-F02695A2C480}.Debug|Any CPU.ActiveCfg = Debug|Any CPU
		{73511E5D-FB22-4D22-8D66-F02695A2C480}.Debug|Any CPU.Build.0 = Debug|Any CPU
		{73511E5D-FB22-4D22-8D66-F02695A2C480}.Release|Any CPU.ActiveCfg = Release|Any CPU
		{73511E5D-FB22-4D22-8D66-F02695A2C480}.Release|Any CPU.Build.0 = Release|Any CPU
	EndGlobalSection
	GlobalSection(SolutionProperties) = preSolution
		HideSolutionNode = FALSE
	EndGlobalSection
	GlobalSection(ExtensibilityGlobals) = postSolution
		SolutionGuid = {31B197E6-DD79-494C-B1C1-4F7EED578BDD}
	EndGlobalSection
EndGlobal
